// !$*UTF8*$!
{
	archiveVersion = 1;
	classes = {
	};
	objectVersion = 46;
	objects = {

/* Begin PBXBuildFile section */
		92808CA91DD6C1930043D10D /* Normalizer.cpp in Sources */ = {isa = PBXBuildFile; fileRef = 92808CA71DD6C1930043D10D /* Normalizer.cpp */; };
		9282B0021DD688E4007D04F6 /* main4.cpp in Sources */ = {isa = PBXBuildFile; fileRef = 927263451DD67FB600F32966 /* main4.cpp */; };
		BD65EDDC1DE3BEA20033D159 /* FileIO.cpp in Sources */ = {isa = PBXBuildFile; fileRef = BD65EDDA1DE3BEA20033D159 /* FileIO.cpp */; };
		BD65EDDF1DE3BF360033D159 /* XYVV.cpp in Sources */ = {isa = PBXBuildFile; fileRef = BD65EDDD1DE3BF360033D159 /* XYVV.cpp */; };
/* End PBXBuildFile section */

/* Begin PBXCopyFilesBuildPhase section */
		BDCF7E351DBFEC57000A5A68 /* CopyFiles */ = {
			isa = PBXCopyFilesBuildPhase;
			buildActionMask = 2147483647;
			dstPath = /usr/share/man/man1/;
			dstSubfolderSpec = 0;
			files = (
			);
			runOnlyForDeploymentPostprocessing = 1;
		};
/* End PBXCopyFilesBuildPhase section */

/* Begin PBXFileReference section */
		9231A4001DD678D500610FF6 /* main3.cpp */ = {isa = PBXFileReference; fileEncoding = 4; lastKnownFileType = sourcecode.cpp.cpp; path = main3.cpp; sourceTree = "<group>"; };
		927263451DD67FB600F32966 /* main4.cpp */ = {isa = PBXFileReference; fileEncoding = 4; lastKnownFileType = sourcecode.cpp.cpp; path = main4.cpp; sourceTree = "<group>"; };
		92808CA71DD6C1930043D10D /* Normalizer.cpp */ = {isa = PBXFileReference; fileEncoding = 4; lastKnownFileType = sourcecode.cpp.cpp; name = Normalizer.cpp; path = ../Normalizer.cpp; sourceTree = "<group>"; };
		92808CA81DD6C1930043D10D /* Normalizer.hpp */ = {isa = PBXFileReference; fileEncoding = 4; lastKnownFileType = sourcecode.cpp.h; name = Normalizer.hpp; path = ../Normalizer.hpp; sourceTree = "<group>"; };
		92AE3BD01DC802CA00EEC090 /* main2.cpp */ = {isa = PBXFileReference; lastKnownFileType = sourcecode.cpp.cpp; path = main2.cpp; sourceTree = "<group>"; };
		BD65EDDA1DE3BEA20033D159 /* FileIO.cpp */ = {isa = PBXFileReference; fileEncoding = 4; lastKnownFileType = sourcecode.cpp.cpp; path = FileIO.cpp; sourceTree = "<group>"; };
		BD65EDDB1DE3BEA20033D159 /* FileIO.hpp */ = {isa = PBXFileReference; fileEncoding = 4; lastKnownFileType = sourcecode.cpp.h; path = FileIO.hpp; sourceTree = "<group>"; };
		BD65EDDD1DE3BF360033D159 /* XYVV.cpp */ = {isa = PBXFileReference; fileEncoding = 4; lastKnownFileType = sourcecode.cpp.cpp; path = XYVV.cpp; sourceTree = "<group>"; };
		BD65EDDE1DE3BF360033D159 /* XYVV.hpp */ = {isa = PBXFileReference; fileEncoding = 4; lastKnownFileType = sourcecode.cpp.h; path = XYVV.hpp; sourceTree = "<group>"; };
		BD65EDE11DE3C3200033D159 /* SpellEnum.hpp */ = {isa = PBXFileReference; fileEncoding = 4; lastKnownFileType = sourcecode.cpp.h; path = SpellEnum.hpp; sourceTree = "<group>"; };
		BD65EDE41DE3C6F50033D159 /* Constants.hpp */ = {isa = PBXFileReference; fileEncoding = 4; lastKnownFileType = sourcecode.cpp.h; path = Constants.hpp; sourceTree = "<group>"; };
		BDCF7E371DBFEC57000A5A68 /* OpenCV3Import */ = {isa = PBXFileReference; explicitFileType = "compiled.mach-o.executable"; includeInIndex = 0; path = OpenCV3Import; sourceTree = BUILT_PRODUCTS_DIR; };
		BDCF7E3A1DBFEC57000A5A68 /* main.cpp */ = {isa = PBXFileReference; lastKnownFileType = sourcecode.cpp.cpp; path = main.cpp; sourceTree = "<group>"; };
/* End PBXFileReference section */

/* Begin PBXFrameworksBuildPhase section */
		BDCF7E341DBFEC57000A5A68 /* Frameworks */ = {
			isa = PBXFrameworksBuildPhase;
			buildActionMask = 2147483647;
			files = (
			);
			runOnlyForDeploymentPostprocessing = 0;
		};
/* End PBXFrameworksBuildPhase section */

/* Begin PBXGroup section */
		BDCF7E2E1DBFEC57000A5A68 = {
			isa = PBXGroup;
			children = (
				BDCF7E391DBFEC57000A5A68 /* OpenCV3Import */,
				BDCF7E381DBFEC57000A5A68 /* Products */,
			);
			sourceTree = "<group>";
		};
		BDCF7E381DBFEC57000A5A68 /* Products */ = {
			isa = PBXGroup;
			children = (
				BDCF7E371DBFEC57000A5A68 /* OpenCV3Import */,
			);
			name = Products;
			sourceTree = "<group>";
		};
		BDCF7E391DBFEC57000A5A68 /* OpenCV3Import */ = {
			isa = PBXGroup;
			children = (
				BDCF7E3A1DBFEC57000A5A68 /* main.cpp */,
				9231A4001DD678D500610FF6 /* main3.cpp */,
				927263451DD67FB600F32966 /* main4.cpp */,
				BD65EDE41DE3C6F50033D159 /* Constants.hpp */,
				BD65EDDA1DE3BEA20033D159 /* FileIO.cpp */,
				BD65EDDB1DE3BEA20033D159 /* FileIO.hpp */,
				BD65EDE11DE3C3200033D159 /* SpellEnum.hpp */,
				BD65EDDD1DE3BF360033D159 /* XYVV.cpp */,
				BD65EDDE1DE3BF360033D159 /* XYVV.hpp */,
				92AE3BD01DC802CA00EEC090 /* main2.cpp */,
				92808CA71DD6C1930043D10D /* Normalizer.cpp */,
				92808CA81DD6C1930043D10D /* Normalizer.hpp */,
			);
			path = OpenCV3Import;
			sourceTree = "<group>";
		};
/* End PBXGroup section */

/* Begin PBXNativeTarget section */
		BDCF7E361DBFEC57000A5A68 /* OpenCV3Import */ = {
			isa = PBXNativeTarget;
			buildConfigurationList = BDCF7E3E1DBFEC57000A5A68 /* Build configuration list for PBXNativeTarget "OpenCV3Import" */;
			buildPhases = (
				BDCF7E331DBFEC57000A5A68 /* Sources */,
				BDCF7E341DBFEC57000A5A68 /* Frameworks */,
				BDCF7E351DBFEC57000A5A68 /* CopyFiles */,
			);
			buildRules = (
			);
			dependencies = (
			);
			name = OpenCV3Import;
			productName = OpenCV3Import;
			productReference = BDCF7E371DBFEC57000A5A68 /* OpenCV3Import */;
			productType = "com.apple.product-type.tool";
		};
/* End PBXNativeTarget section */

/* Begin PBXProject section */
		BDCF7E2F1DBFEC57000A5A68 /* Project object */ = {
			isa = PBXProject;
			attributes = {
				LastUpgradeCheck = 0800;
				ORGANIZATIONNAME = "Soulcast-team";
				TargetAttributes = {
					BDCF7E361DBFEC57000A5A68 = {
						CreatedOnToolsVersion = 8.0;
						ProvisioningStyle = Automatic;
					};
				};
			};
			buildConfigurationList = BDCF7E321DBFEC57000A5A68 /* Build configuration list for PBXProject "OpenCV3Import" */;
			compatibilityVersion = "Xcode 3.2";
			developmentRegion = English;
			hasScannedForEncodings = 0;
			knownRegions = (
				en,
			);
			mainGroup = BDCF7E2E1DBFEC57000A5A68;
			productRefGroup = BDCF7E381DBFEC57000A5A68 /* Products */;
			projectDirPath = "";
			projectRoot = "";
			targets = (
				BDCF7E361DBFEC57000A5A68 /* OpenCV3Import */,
			);
		};
/* End PBXProject section */

/* Begin PBXSourcesBuildPhase section */
		BDCF7E331DBFEC57000A5A68 /* Sources */ = {
			isa = PBXSourcesBuildPhase;
			buildActionMask = 2147483647;
			files = (
				BD65EDDC1DE3BEA20033D159 /* FileIO.cpp in Sources */,
				92808CA91DD6C1930043D10D /* Normalizer.cpp in Sources */,
				BD65EDDF1DE3BF360033D159 /* XYVV.cpp in Sources */,
				9282B0021DD688E4007D04F6 /* main4.cpp in Sources */,
			);
			runOnlyForDeploymentPostprocessing = 0;
		};
/* End PBXSourcesBuildPhase section */

/* Begin XCBuildConfiguration section */
		BDCF7E3C1DBFEC57000A5A68 /* Debug */ = {
			isa = XCBuildConfiguration;
			buildSettings = {
				ALWAYS_SEARCH_USER_PATHS = NO;
				CLANG_ANALYZER_NONNULL = YES;
				CLANG_CXX_LANGUAGE_STANDARD = "gnu++0x";
				CLANG_CXX_LIBRARY = "libc++";
				CLANG_ENABLE_MODULES = YES;
				CLANG_ENABLE_OBJC_ARC = YES;
				CLANG_WARN_BOOL_CONVERSION = YES;
				CLANG_WARN_CONSTANT_CONVERSION = YES;
				CLANG_WARN_DIRECT_OBJC_ISA_USAGE = YES_ERROR;
				CLANG_WARN_DOCUMENTATION_COMMENTS = YES;
				CLANG_WARN_EMPTY_BODY = YES;
				CLANG_WARN_ENUM_CONVERSION = YES;
				CLANG_WARN_INFINITE_RECURSION = YES;
				CLANG_WARN_INT_CONVERSION = YES;
				CLANG_WARN_OBJC_ROOT_CLASS = YES_ERROR;
				CLANG_WARN_SUSPICIOUS_MOVES = YES;
				CLANG_WARN_UNREACHABLE_CODE = YES;
				CLANG_WARN__DUPLICATE_METHOD_MATCH = YES;
				CODE_SIGN_IDENTITY = "-";
				COPY_PHASE_STRIP = NO;
				DEBUG_INFORMATION_FORMAT = dwarf;
				ENABLE_STRICT_OBJC_MSGSEND = YES;
				ENABLE_TESTABILITY = YES;
				GCC_C_LANGUAGE_STANDARD = gnu99;
				GCC_DYNAMIC_NO_PIC = NO;
				GCC_NO_COMMON_BLOCKS = YES;
				GCC_OPTIMIZATION_LEVEL = 0;
				GCC_PREPROCESSOR_DEFINITIONS = (
					"DEBUG=1",
					"$(inherited)",
				);
				GCC_WARN_64_TO_32_BIT_CONVERSION = YES;
				GCC_WARN_ABOUT_RETURN_TYPE = YES_ERROR;
				GCC_WARN_UNDECLARED_SELECTOR = YES;
				GCC_WARN_UNINITIALIZED_AUTOS = YES_AGGRESSIVE;
				GCC_WARN_UNUSED_FUNCTION = YES;
				GCC_WARN_UNUSED_VARIABLE = YES;
				MACOSX_DEPLOYMENT_TARGET = 10.12;
				MTL_ENABLE_DEBUG_INFO = YES;
				ONLY_ACTIVE_ARCH = YES;
				SDKROOT = macosx;
			};
			name = Debug;
		};
		BDCF7E3D1DBFEC57000A5A68 /* Release */ = {
			isa = XCBuildConfiguration;
			buildSettings = {
				ALWAYS_SEARCH_USER_PATHS = NO;
				CLANG_ANALYZER_NONNULL = YES;
				CLANG_CXX_LANGUAGE_STANDARD = "gnu++0x";
				CLANG_CXX_LIBRARY = "libc++";
				CLANG_ENABLE_MODULES = YES;
				CLANG_ENABLE_OBJC_ARC = YES;
				CLANG_WARN_BOOL_CONVERSION = YES;
				CLANG_WARN_CONSTANT_CONVERSION = YES;
				CLANG_WARN_DIRECT_OBJC_ISA_USAGE = YES_ERROR;
				CLANG_WARN_DOCUMENTATION_COMMENTS = YES;
				CLANG_WARN_EMPTY_BODY = YES;
				CLANG_WARN_ENUM_CONVERSION = YES;
				CLANG_WARN_INFINITE_RECURSION = YES;
				CLANG_WARN_INT_CONVERSION = YES;
				CLANG_WARN_OBJC_ROOT_CLASS = YES_ERROR;
				CLANG_WARN_SUSPICIOUS_MOVES = YES;
				CLANG_WARN_UNREACHABLE_CODE = YES;
				CLANG_WARN__DUPLICATE_METHOD_MATCH = YES;
				CODE_SIGN_IDENTITY = "-";
				COPY_PHASE_STRIP = NO;
				DEBUG_INFORMATION_FORMAT = "dwarf-with-dsym";
				ENABLE_NS_ASSERTIONS = NO;
				ENABLE_STRICT_OBJC_MSGSEND = YES;
				GCC_C_LANGUAGE_STANDARD = gnu99;
				GCC_NO_COMMON_BLOCKS = YES;
				GCC_WARN_64_TO_32_BIT_CONVERSION = YES;
				GCC_WARN_ABOUT_RETURN_TYPE = YES_ERROR;
				GCC_WARN_UNDECLARED_SELECTOR = YES;
				GCC_WARN_UNINITIALIZED_AUTOS = YES_AGGRESSIVE;
				GCC_WARN_UNUSED_FUNCTION = YES;
				GCC_WARN_UNUSED_VARIABLE = YES;
				MACOSX_DEPLOYMENT_TARGET = 10.12;
				MTL_ENABLE_DEBUG_INFO = NO;
				SDKROOT = macosx;
			};
			name = Release;
		};
		BDCF7E3F1DBFEC57000A5A68 /* Debug */ = {
			isa = XCBuildConfiguration;
			buildSettings = {
				CLANG_CXX_LIBRARY = "compiler-default";
				CLANG_WARN_DOCUMENTATION_COMMENTS = NO;
				HEADER_SEARCH_PATHS = (
					/usr/local/include,
					/Applications/Xcode.app/Contents/Developer/Platforms/MacOSX.platform/Developer/SDKs/MacOSX.sdk/usr/include,
				);
				LIBRARY_SEARCH_PATHS = /usr/local/lib;
				MACOSX_DEPLOYMENT_TARGET = 10.11;
				OTHER_LDFLAGS = (
					"-lopencv_calib3d",
					"-lopencv_core",
					"-lopencv_features2d",
					"-lopencv_flann",
					"-lopencv_highgui",
					"-lopencv_imgcodecs",
					"-lopencv_imgproc",
					"-lopencv_ml",
					"-lopencv_objdetect",
					"-lopencv_photo",
					"-lopencv_shape",
					"-lopencv_stitching",
					"-lopencv_superres",
					"-lopencv_video",
					"-lopencv_videoio",
					"-lopencv_videostab",
					"-lgrt",
				);
				PRODUCT_NAME = "$(TARGET_NAME)";
			};
			name = Debug;
		};
		BDCF7E401DBFEC57000A5A68 /* Release */ = {
			isa = XCBuildConfiguration;
			buildSettings = {
				CLANG_CXX_LIBRARY = "compiler-default";
				CLANG_WARN_DOCUMENTATION_COMMENTS = NO;
				HEADER_SEARCH_PATHS = (
					/usr/local/include,
					/Applications/Xcode.app/Contents/Developer/Platforms/MacOSX.platform/Developer/SDKs/MacOSX.sdk/usr/include,
				);
				LIBRARY_SEARCH_PATHS = /usr/local/lib;
				MACOSX_DEPLOYMENT_TARGET = 10.11;
				OTHER_LDFLAGS = (
					"-lopencv_calib3d",
					"-lopencv_core",
					"-lopencv_features2d",
					"-lopencv_flann",
					"-lopencv_highgui",
					"-lopencv_imgcodecs",
					"-lopencv_imgproc",
					"-lopencv_ml",
					"-lopencv_objdetect",
					"-lopencv_photo",
					"-lopencv_shape",
					"-lopencv_stitching",
					"-lopencv_superres",
					"-lopencv_video",
					"-lopencv_videoio",
					"-lopencv_videostab",
					"-lgrt",
				);
				PRODUCT_NAME = "$(TARGET_NAME)";
			};
			name = Release;
		};
/* End XCBuildConfiguration section */

/* Begin XCConfigurationList section */
		BDCF7E321DBFEC57000A5A68 /* Build configuration list for PBXProject "OpenCV3Import" */ = {
			isa = XCConfigurationList;
			buildConfigurations = (
				BDCF7E3C1DBFEC57000A5A68 /* Debug */,
				BDCF7E3D1DBFEC57000A5A68 /* Release */,
			);
			defaultConfigurationIsVisible = 0;
			defaultConfigurationName = Release;
		};
		BDCF7E3E1DBFEC57000A5A68 /* Build configuration list for PBXNativeTarget "OpenCV3Import" */ = {
			isa = XCConfigurationList;
			buildConfigurations = (
				BDCF7E3F1DBFEC57000A5A68 /* Debug */,
				BDCF7E401DBFEC57000A5A68 /* Release */,
			);
			defaultConfigurationIsVisible = 0;
			defaultConfigurationName = Release;
		};
/* End XCConfigurationList section */
	};
	rootObject = BDCF7E2F1DBFEC57000A5A68 /* Project object */;
}
